// !$*UTF8*$!
{
	archiveVersion = 1;
	classes = {
	};
	objectVersion = 56;
	objects = {

/* Begin PBXBuildFile section */
		FCCF69282B7BB3CC00B2092C /* main.cpp in Sources */ = {isa = PBXBuildFile; fileRef = FCCF69272B7BB3CC00B2092C /* main.cpp */; };
/* End PBXBuildFile section */

/* Begin PBXCopyFilesBuildPhase section */
		FCCF69222B7BB3CC00B2092C /* CopyFiles */ = {
			isa = PBXCopyFilesBuildPhase;
			buildActionMask = 2147483647;
			dstPath = /usr/share/man/man1/;
			dstSubfolderSpec = 0;
			files = (
			);
			runOnlyForDeploymentPostprocessing = 1;
		};
/* End PBXCopyFilesBuildPhase section */

/* Begin PBXFileReference section */
		FC40285A2B84AFAF00334004 /* num_1235(N).cpp */ = {isa = PBXFileReference; lastKnownFileType = sourcecode.cpp.cpp; path = "num_1235(N).cpp"; sourceTree = "<group>"; };
		FC40285B2B84B3BA00334004 /* num_2751.cpp */ = {isa = PBXFileReference; lastKnownFileType = sourcecode.cpp.cpp; path = num_2751.cpp; sourceTree = "<group>"; };
		FCCF69242B7BB3CC00B2092C /* baekjoon */ = {isa = PBXFileReference; explicitFileType = "compiled.mach-o.executable"; includeInIndex = 0; path = baekjoon; sourceTree = BUILT_PRODUCTS_DIR; };
		FCCF69272B7BB3CC00B2092C /* main.cpp */ = {isa = PBXFileReference; lastKnownFileType = sourcecode.cpp.cpp; path = main.cpp; sourceTree = "<group>"; };
		FCCF692E2B7BB48800B2092C /* num_1076.cpp */ = {isa = PBXFileReference; lastKnownFileType = sourcecode.cpp.cpp; path = num_1076.cpp; sourceTree = "<group>"; };
		FCCF692F2B7BB4B900B2092C /* num_1152.cpp */ = {isa = PBXFileReference; lastKnownFileType = sourcecode.cpp.cpp; path = num_1152.cpp; sourceTree = "<group>"; };
		FCCF69302B7BB4EF00B2092C /* num_2525.cpp */ = {isa = PBXFileReference; lastKnownFileType = sourcecode.cpp.cpp; path = num_2525.cpp; sourceTree = "<group>"; };
		FCCF69322B7BB52300B2092C /* num_2798.cpp */ = {isa = PBXFileReference; lastKnownFileType = sourcecode.cpp.cpp; path = num_2798.cpp; sourceTree = "<group>"; };
		FCCF69332B7BB54200B2092C /* num_2869.cpp */ = {isa = PBXFileReference; lastKnownFileType = sourcecode.cpp.cpp; path = num_2869.cpp; sourceTree = "<group>"; };
		FCCF69342B7BB56000B2092C /* num_10809.cpp */ = {isa = PBXFileReference; lastKnownFileType = sourcecode.cpp.cpp; path = num_10809.cpp; sourceTree = "<group>"; };
		FCCF69352B7BB57700B2092C /* num_1225.cpp */ = {isa = PBXFileReference; lastKnownFileType = sourcecode.cpp.cpp; path = num_1225.cpp; sourceTree = "<group>"; };
		FCCF69362B7BB58F00B2092C /* num_1236.cpp */ = {isa = PBXFileReference; lastKnownFileType = sourcecode.cpp.cpp; path = num_1236.cpp; sourceTree = "<group>"; };
		FCCF69372B7BB5AA00B2092C /* num_1546.cpp */ = {isa = PBXFileReference; lastKnownFileType = sourcecode.cpp.cpp; path = num_1546.cpp; sourceTree = "<group>"; };
		FCCF69382B7BB5C300B2092C /* num_2163.cpp */ = {isa = PBXFileReference; lastKnownFileType = sourcecode.cpp.cpp; path = num_2163.cpp; sourceTree = "<group>"; };
		FCCF69392B7BB5E200B2092C /* num_2738.cpp */ = {isa = PBXFileReference; lastKnownFileType = sourcecode.cpp.cpp; path = num_2738.cpp; sourceTree = "<group>"; };
		FCCF693A2B7BB5F800B2092C /* num_3052.cpp */ = {isa = PBXFileReference; lastKnownFileType = sourcecode.cpp.cpp; path = num_3052.cpp; sourceTree = "<group>"; };
		FCCF693B2B7BB61900B2092C /* num_5597.cpp */ = {isa = PBXFileReference; lastKnownFileType = sourcecode.cpp.cpp; path = num_5597.cpp; sourceTree = "<group>"; };
		FCCF693C2B7BB63200B2092C /* num_9506.cpp */ = {isa = PBXFileReference; lastKnownFileType = sourcecode.cpp.cpp; path = num_9506.cpp; sourceTree = "<group>"; };
		FCCF693D2B7BBA1B00B2092C /* num_2566.cpp */ = {isa = PBXFileReference; lastKnownFileType = sourcecode.cpp.cpp; path = num_2566.cpp; sourceTree = "<group>"; };
		FCCF693F2B80C24700B2092C /* num_1157.cpp */ = {isa = PBXFileReference; lastKnownFileType = sourcecode.cpp.cpp; path = num_1157.cpp; sourceTree = "<group>"; };
		FCCF69402B80EAEE00B2092C /* num_1316.cpp */ = {isa = PBXFileReference; lastKnownFileType = sourcecode.cpp.cpp; path = num_1316.cpp; sourceTree = "<group>"; };
		FCCF69412B826E0800B2092C /* num_1037.cpp */ = {isa = PBXFileReference; lastKnownFileType = sourcecode.cpp.cpp; path = num_1037.cpp; sourceTree = "<group>"; };
/* End PBXFileReference section */

/* Begin PBXFrameworksBuildPhase section */
		FCCF69212B7BB3CC00B2092C /* Frameworks */ = {
			isa = PBXFrameworksBuildPhase;
			buildActionMask = 2147483647;
			files = (
			);
			runOnlyForDeploymentPostprocessing = 0;
		};
/* End PBXFrameworksBuildPhase section */

/* Begin PBXGroup section */
		FCCF691B2B7BB3CC00B2092C = {
			isa = PBXGroup;
			children = (
				FCCF69262B7BB3CC00B2092C /* baekjoon */,
				FCCF69252B7BB3CC00B2092C /* Products */,
			);
			sourceTree = "<group>";
		};
		FCCF69252B7BB3CC00B2092C /* Products */ = {
			isa = PBXGroup;
			children = (
				FCCF69242B7BB3CC00B2092C /* baekjoon */,
			);
			name = Products;
			sourceTree = "<group>";
		};
		FCCF69262B7BB3CC00B2092C /* baekjoon */ = {
			isa = PBXGroup;
			children = (
				FCCF69272B7BB3CC00B2092C /* main.cpp */,
				FCCF692E2B7BB48800B2092C /* num_1076.cpp */,
				FCCF692F2B7BB4B900B2092C /* num_1152.cpp */,
				FCCF69302B7BB4EF00B2092C /* num_2525.cpp */,
				FCCF69322B7BB52300B2092C /* num_2798.cpp */,
				FCCF69332B7BB54200B2092C /* num_2869.cpp */,
				FCCF69342B7BB56000B2092C /* num_10809.cpp */,
				FCCF69352B7BB57700B2092C /* num_1225.cpp */,
				FCCF69362B7BB58F00B2092C /* num_1236.cpp */,
				FCCF69372B7BB5AA00B2092C /* num_1546.cpp */,
				FCCF69382B7BB5C300B2092C /* num_2163.cpp */,
				FCCF69392B7BB5E200B2092C /* num_2738.cpp */,
				FCCF693A2B7BB5F800B2092C /* num_3052.cpp */,
				FCCF693B2B7BB61900B2092C /* num_5597.cpp */,
				FCCF693C2B7BB63200B2092C /* num_9506.cpp */,
				FCCF693D2B7BBA1B00B2092C /* num_2566.cpp */,
				FCCF693F2B80C24700B2092C /* num_1157.cpp */,
				FCCF69402B80EAEE00B2092C /* num_1316.cpp */,
				FCCF69412B826E0800B2092C /* num_1037.cpp */,
				FC40285A2B84AFAF00334004 /* num_1235(N).cpp */,
				FC40285B2B84B3BA00334004 /* num_2751.cpp */,
			);
			path = baekjoon;
			sourceTree = "<group>";
		};
/* End PBXGroup section */

/* Begin PBXNativeTarget section */
		FCCF69232B7BB3CC00B2092C /* baekjoon */ = {
			isa = PBXNativeTarget;
			buildConfigurationList = FCCF692B2B7BB3CC00B2092C /* Build configuration list for PBXNativeTarget "baekjoon" */;
			buildPhases = (
				FCCF69202B7BB3CC00B2092C /* Sources */,
				FCCF69212B7BB3CC00B2092C /* Frameworks */,
				FCCF69222B7BB3CC00B2092C /* CopyFiles */,
			);
			buildRules = (
			);
			dependencies = (
			);
			name = baekjoon;
			productName = baekjoon;
			productReference = FCCF69242B7BB3CC00B2092C /* baekjoon */;
			productType = "com.apple.product-type.tool";
		};
/* End PBXNativeTarget section */

/* Begin PBXProject section */
		FCCF691C2B7BB3CC00B2092C /* Project object */ = {
			isa = PBXProject;
			attributes = {
				BuildIndependentTargetsInParallel = 1;
				LastUpgradeCheck = 1520;
				TargetAttributes = {
					FCCF69232B7BB3CC00B2092C = {
						CreatedOnToolsVersion = 15.2;
					};
				};
			};
			buildConfigurationList = FCCF691F2B7BB3CC00B2092C /* Build configuration list for PBXProject "baekjoon" */;
			compatibilityVersion = "Xcode 14.0";
			developmentRegion = en;
			hasScannedForEncodings = 0;
			knownRegions = (
				en,
				Base,
			);
			mainGroup = FCCF691B2B7BB3CC00B2092C;
			productRefGroup = FCCF69252B7BB3CC00B2092C /* Products */;
			projectDirPath = "";
			projectRoot = "";
			targets = (
				FCCF69232B7BB3CC00B2092C /* baekjoon */,
			);
		};
/* End PBXProject section */

/* Begin PBXSourcesBuildPhase section */
		FCCF69202B7BB3CC00B2092C /* Sources */ = {
			isa = PBXSourcesBuildPhase;
			buildActionMask = 2147483647;
			files = (
				FCCF69282B7BB3CC00B2092C /* main.cpp in Sources */,
			);
			runOnlyForDeploymentPostprocessing = 0;
		};
/* End PBXSourcesBuildPhase section */

/* Begin XCBuildConfiguration section */
		FCCF69292B7BB3CC00B2092C /* Debug */ = {
			isa = XCBuildConfiguration;
			buildSettings = {
				ALWAYS_SEARCH_USER_PATHS = NO;
				ASSETCATALOG_COMPILER_GENERATE_SWIFT_ASSET_SYMBOL_EXTENSIONS = YES;
				CLANG_ANALYZER_NONNULL = YES;
				CLANG_ANALYZER_NUMBER_OBJECT_CONVERSION = YES_AGGRESSIVE;
				CLANG_CXX_LANGUAGE_STANDARD = "gnu++20";
				CLANG_ENABLE_MODULES = YES;
				CLANG_ENABLE_OBJC_ARC = YES;
				CLANG_ENABLE_OBJC_WEAK = YES;
				CLANG_WARN_BLOCK_CAPTURE_AUTORELEASING = YES;
				CLANG_WARN_BOOL_CONVERSION = YES;
				CLANG_WARN_COMMA = YES;
				CLANG_WARN_CONSTANT_CONVERSION = YES;
				CLANG_WARN_DEPRECATED_OBJC_IMPLEMENTATIONS = YES;
				CLANG_WARN_DIRECT_OBJC_ISA_USAGE = YES_ERROR;
				CLANG_WARN_DOCUMENTATION_COMMENTS = YES;
				CLANG_WARN_EMPTY_BODY = YES;
				CLANG_WARN_ENUM_CONVERSION = YES;
				CLANG_WARN_INFINITE_RECURSION = YES;
				CLANG_WARN_INT_CONVERSION = YES;
				CLANG_WARN_NON_LITERAL_NULL_CONVERSION = YES;
				CLANG_WARN_OBJC_IMPLICIT_RETAIN_SELF = YES;
				CLANG_WARN_OBJC_LITERAL_CONVERSION = YES;
				CLANG_WARN_OBJC_ROOT_CLASS = YES_ERROR;
				CLANG_WARN_QUOTED_INCLUDE_IN_FRAMEWORK_HEADER = YES;
				CLANG_WARN_RANGE_LOOP_ANALYSIS = YES;
				CLANG_WARN_STRICT_PROTOTYPES = YES;
				CLANG_WARN_SUSPICIOUS_MOVE = YES;
				CLANG_WARN_UNGUARDED_AVAILABILITY = YES_AGGRESSIVE;
				CLANG_WARN_UNREACHABLE_CODE = YES;
				CLANG_WARN__DUPLICATE_METHOD_MATCH = YES;
				COPY_PHASE_STRIP = NO;
				DEBUG_INFORMATION_FORMAT = dwarf;
				ENABLE_STRICT_OBJC_MSGSEND = YES;
				ENABLE_TESTABILITY = YES;
				ENABLE_USER_SCRIPT_SANDBOXING = YES;
				GCC_C_LANGUAGE_STANDARD = gnu17;
				GCC_DYNAMIC_NO_PIC = NO;
				GCC_NO_COMMON_BLOCKS = YES;
				GCC_OPTIMIZATION_LEVEL = 0;
				GCC_PREPROCESSOR_DEFINITIONS = (
					"DEBUG=1",
					"$(inherited)",
				);
				GCC_WARN_64_TO_32_BIT_CONVERSION = YES;
				GCC_WARN_ABOUT_RETURN_TYPE = YES_ERROR;
				GCC_WARN_UNDECLARED_SELECTOR = YES;
				GCC_WARN_UNINITIALIZED_AUTOS = YES_AGGRESSIVE;
				GCC_WARN_UNUSED_FUNCTION = YES;
				GCC_WARN_UNUSED_VARIABLE = YES;
				LOCALIZATION_PREFERS_STRING_CATALOGS = YES;
				MACOSX_DEPLOYMENT_TARGET = 14.2;
				MTL_ENABLE_DEBUG_INFO = INCLUDE_SOURCE;
				MTL_FAST_MATH = YES;
				ONLY_ACTIVE_ARCH = YES;
				SDKROOT = macosx;
			};
			name = Debug;
		};
		FCCF692A2B7BB3CC00B2092C /* Release */ = {
			isa = XCBuildConfiguration;
			buildSettings = {
				ALWAYS_SEARCH_USER_PATHS = NO;
				ASSETCATALOG_COMPILER_GENERATE_SWIFT_ASSET_SYMBOL_EXTENSIONS = YES;
				CLANG_ANALYZER_NONNULL = YES;
				CLANG_ANALYZER_NUMBER_OBJECT_CONVERSION = YES_AGGRESSIVE;
				CLANG_CXX_LANGUAGE_STANDARD = "gnu++20";
				CLANG_ENABLE_MODULES = YES;
				CLANG_ENABLE_OBJC_ARC = YES;
				CLANG_ENABLE_OBJC_WEAK = YES;
				CLANG_WARN_BLOCK_CAPTURE_AUTORELEASING = YES;
				CLANG_WARN_BOOL_CONVERSION = YES;
				CLANG_WARN_COMMA = YES;
				CLANG_WARN_CONSTANT_CONVERSION = YES;
				CLANG_WARN_DEPRECATED_OBJC_IMPLEMENTATIONS = YES;
				CLANG_WARN_DIRECT_OBJC_ISA_USAGE = YES_ERROR;
				CLANG_WARN_DOCUMENTATION_COMMENTS = YES;
				CLANG_WARN_EMPTY_BODY = YES;
				CLANG_WARN_ENUM_CONVERSION = YES;
				CLANG_WARN_INFINITE_RECURSION = YES;
				CLANG_WARN_INT_CONVERSION = YES;
				CLANG_WARN_NON_LITERAL_NULL_CONVERSION = YES;
				CLANG_WARN_OBJC_IMPLICIT_RETAIN_SELF = YES;
				CLANG_WARN_OBJC_LITERAL_CONVERSION = YES;
				CLANG_WARN_OBJC_ROOT_CLASS = YES_ERROR;
				CLANG_WARN_QUOTED_INCLUDE_IN_FRAMEWORK_HEADER = YES;
				CLANG_WARN_RANGE_LOOP_ANALYSIS = YES;
				CLANG_WARN_STRICT_PROTOTYPES = YES;
				CLANG_WARN_SUSPICIOUS_MOVE = YES;
				CLANG_WARN_UNGUARDED_AVAILABILITY = YES_AGGRESSIVE;
				CLANG_WARN_UNREACHABLE_CODE = YES;
				CLANG_WARN__DUPLICATE_METHOD_MATCH = YES;
				COPY_PHASE_STRIP = NO;
				DEBUG_INFORMATION_FORMAT = "dwarf-with-dsym";
				ENABLE_NS_ASSERTIONS = NO;
				ENABLE_STRICT_OBJC_MSGSEND = YES;
				ENABLE_USER_SCRIPT_SANDBOXING = YES;
				GCC_C_LANGUAGE_STANDARD = gnu17;
				GCC_NO_COMMON_BLOCKS = YES;
				GCC_WARN_64_TO_32_BIT_CONVERSION = YES;
				GCC_WARN_ABOUT_RETURN_TYPE = YES_ERROR;
				GCC_WARN_UNDECLARED_SELECTOR = YES;
				GCC_WARN_UNINITIALIZED_AUTOS = YES_AGGRESSIVE;
				GCC_WARN_UNUSED_FUNCTION = YES;
				GCC_WARN_UNUSED_VARIABLE = YES;
				LOCALIZATION_PREFERS_STRING_CATALOGS = YES;
				MACOSX_DEPLOYMENT_TARGET = 14.2;
				MTL_ENABLE_DEBUG_INFO = NO;
				MTL_FAST_MATH = YES;
				SDKROOT = macosx;
			};
			name = Release;
		};
		FCCF692C2B7BB3CC00B2092C /* Debug */ = {
			isa = XCBuildConfiguration;
			buildSettings = {
				CODE_SIGN_STYLE = Automatic;
				PRODUCT_NAME = "$(TARGET_NAME)";
			};
			name = Debug;
		};
		FCCF692D2B7BB3CC00B2092C /* Release */ = {
			isa = XCBuildConfiguration;
			buildSettings = {
				CODE_SIGN_STYLE = Automatic;
				PRODUCT_NAME = "$(TARGET_NAME)";
			};
			name = Release;
		};
/* End XCBuildConfiguration section */

/* Begin XCConfigurationList section */
		FCCF691F2B7BB3CC00B2092C /* Build configuration list for PBXProject "baekjoon" */ = {
			isa = XCConfigurationList;
			buildConfigurations = (
				FCCF69292B7BB3CC00B2092C /* Debug */,
				FCCF692A2B7BB3CC00B2092C /* Release */,
			);
			defaultConfigurationIsVisible = 0;
			defaultConfigurationName = Release;
		};
		FCCF692B2B7BB3CC00B2092C /* Build configuration list for PBXNativeTarget "baekjoon" */ = {
			isa = XCConfigurationList;
			buildConfigurations = (
				FCCF692C2B7BB3CC00B2092C /* Debug */,
				FCCF692D2B7BB3CC00B2092C /* Release */,
			);
			defaultConfigurationIsVisible = 0;
			defaultConfigurationName = Release;
		};
/* End XCConfigurationList section */
	};
	rootObject = FCCF691C2B7BB3CC00B2092C /* Project object */;
}
